
Microsoft Visual Studio Solution File, Format Version 12.00
# Visual Studio Version 17
VisualStudioVersion = 17.4.33205.214
MinimumVisualStudioVersion = 10.0.40219.1
Project("{FAE04EC0-301F-11D3-BF4B-00C04F79EFBC}") = "M320_IMS_2023_2024", "M320_IMS_2023_2024\M320_IMS_2023_2024.csproj", "{99AFDEE5-6E90-437D-B95A-8F722918D565}"
EndProject
Global
	GlobalSection(SolutionConfigurationPlatforms) = preSolution
		Debug|Any CPU = Debug|Any CPU
		Release|Any CPU = Release|Any CPU
	EndGlobalSection
	GlobalSection(ProjectConfigurationPlatforms) = postSolution
		{99AFDEE5-6E90-437D-B95A-8F722918D565}.Debug|Any CPU.ActiveCfg = Debug|Any CPU
		{99AFDEE5-6E90-437D-B95A-8F722918D565}.Debug|Any CPU.Build.0 = Debug|Any CPU
		{99AFDEE5-6E90-437D-B95A-8F722918D565}.Release|Any CPU.ActiveCfg = Release|Any CPU
		{99AFDEE5-6E90-437D-B95A-8F722918D565}.Release|Any CPU.Build.0 = Release|Any CPU
	EndGlobalSection
	GlobalSection(SolutionProperties) = preSolution
		HideSolutionNode = FALSE
	EndGlobalSection
	GlobalSection(ExtensibilityGlobals) = postSolution
		SolutionGuid = {A811AA5C-0C37-4851-84E3-F8A4F8480FB2}
	EndGlobalSection
EndGlobal
